// !$*UTF8*$!
{
	archiveVersion = 1;
	classes = {
	};
	objectVersion = 55;
	objects = {

/* Begin PBXBuildFile section */
		897AB9EF46AFAC3092D1E491 /* Pods_kotlin_library_test.framework in Frameworks */ = {isa = PBXBuildFile; fileRef = 8ECE815000D1ECD1F519AE61 /* Pods_kotlin_library_test.framework */; };
		AC95B45C2799C6F400C08B75 /* kotlin_library_test.framework in Frameworks */ = {isa = PBXBuildFile; fileRef = AC95B4532799C6F400C08B75 /* kotlin_library_test.framework */; };
		AC95B4612799C6F400C08B75 /* KotlinLibraryTest.swift in Sources */ = {isa = PBXBuildFile; fileRef = AC95B4602799C6F400C08B75 /* KotlinLibraryTest.swift */; };
		FDDA319771756865435AB7AA /* Pods_kotlin_library_test_kotlin_library_swift_test.framework in Frameworks */ = {isa = PBXBuildFile; fileRef = 3B9C6E21B60184DC680B37C5 /* Pods_kotlin_library_test_kotlin_library_swift_test.framework */; };
/* End PBXBuildFile section */

/* Begin PBXContainerItemProxy section */
		AC95B45D2799C6F400C08B75 /* PBXContainerItemProxy */ = {
			isa = PBXContainerItemProxy;
			containerPortal = AC95B44A2799C6F400C08B75 /* Project object */;
			proxyType = 1;
			remoteGlobalIDString = AC95B4522799C6F400C08B75;
			remoteInfo = "kotlin-library-test";
		};
/* End PBXContainerItemProxy section */

/* Begin PBXFileReference section */
		0F83AF907DA773CBE4F71119 /* Pods-kotlin-library-test-kotlin-library-swift-test.debug.xcconfig */ = {isa = PBXFileReference; includeInIndex = 1; lastKnownFileType = text.xcconfig; name = "Pods-kotlin-library-test-kotlin-library-swift-test.debug.xcconfig"; path = "Target Support Files/Pods-kotlin-library-test-kotlin-library-swift-test/Pods-kotlin-library-test-kotlin-library-swift-test.debug.xcconfig"; sourceTree = "<group>"; };
		3B9C6E21B60184DC680B37C5 /* Pods_kotlin_library_test_kotlin_library_swift_test.framework */ = {isa = PBXFileReference; explicitFileType = wrapper.framework; includeInIndex = 0; path = Pods_kotlin_library_test_kotlin_library_swift_test.framework; sourceTree = BUILT_PRODUCTS_DIR; };
		8ECE815000D1ECD1F519AE61 /* Pods_kotlin_library_test.framework */ = {isa = PBXFileReference; explicitFileType = wrapper.framework; includeInIndex = 0; path = Pods_kotlin_library_test.framework; sourceTree = BUILT_PRODUCTS_DIR; };
		9539628E801100F5563B35C1 /* Pods-kotlin-library-test.debug.xcconfig */ = {isa = PBXFileReference; includeInIndex = 1; lastKnownFileType = text.xcconfig; name = "Pods-kotlin-library-test.debug.xcconfig"; path = "Target Support Files/Pods-kotlin-library-test/Pods-kotlin-library-test.debug.xcconfig"; sourceTree = "<group>"; };
		960A1668D738E956BC97EA09 /* Pods-kotlin-library-test-kotlin-library-swift-test.release.xcconfig */ = {isa = PBXFileReference; includeInIndex = 1; lastKnownFileType = text.xcconfig; name = "Pods-kotlin-library-test-kotlin-library-swift-test.release.xcconfig"; path = "Target Support Files/Pods-kotlin-library-test-kotlin-library-swift-test/Pods-kotlin-library-test-kotlin-library-swift-test.release.xcconfig"; sourceTree = "<group>"; };
		AC95B4532799C6F400C08B75 /* kotlin_library_test.framework */ = {isa = PBXFileReference; explicitFileType = wrapper.framework; includeInIndex = 0; path = kotlin_library_test.framework; sourceTree = BUILT_PRODUCTS_DIR; };
		AC95B45B2799C6F400C08B75 /* kotlin-library-swift-test.xctest */ = {isa = PBXFileReference; explicitFileType = wrapper.cfbundle; includeInIndex = 0; path = "kotlin-library-swift-test.xctest"; sourceTree = BUILT_PRODUCTS_DIR; };
		AC95B4602799C6F400C08B75 /* KotlinLibraryTest.swift */ = {isa = PBXFileReference; lastKnownFileType = sourcecode.swift; path = KotlinLibraryTest.swift; sourceTree = "<group>"; };
		CACC5F4A0EAA511D8C182DF4 /* Pods-kotlin-library-test.release.xcconfig */ = {isa = PBXFileReference; includeInIndex = 1; lastKnownFileType = text.xcconfig; name = "Pods-kotlin-library-test.release.xcconfig"; path = "Target Support Files/Pods-kotlin-library-test/Pods-kotlin-library-test.release.xcconfig"; sourceTree = "<group>"; };
/* End PBXFileReference section */

/* Begin PBXFrameworksBuildPhase section */
		AC95B4502799C6F400C08B75 /* Frameworks */ = {
			isa = PBXFrameworksBuildPhase;
			buildActionMask = 2147483647;
			files = (
				897AB9EF46AFAC3092D1E491 /* Pods_kotlin_library_test.framework in Frameworks */,
			);
			runOnlyForDeploymentPostprocessing = 0;
		};
		AC95B4582799C6F400C08B75 /* Frameworks */ = {
			isa = PBXFrameworksBuildPhase;
			buildActionMask = 2147483647;
			files = (
				AC95B45C2799C6F400C08B75 /* kotlin_library_test.framework in Frameworks */,
				FDDA319771756865435AB7AA /* Pods_kotlin_library_test_kotlin_library_swift_test.framework in Frameworks */,
			);
			runOnlyForDeploymentPostprocessing = 0;
		};
/* End PBXFrameworksBuildPhase section */

/* Begin PBXGroup section */
		69B44D5C4C9345C6E5CBCCFE /* Pods */ = {
			isa = PBXGroup;
			children = (
				9539628E801100F5563B35C1 /* Pods-kotlin-library-test.debug.xcconfig */,
				CACC5F4A0EAA511D8C182DF4 /* Pods-kotlin-library-test.release.xcconfig */,
				0F83AF907DA773CBE4F71119 /* Pods-kotlin-library-test-kotlin-library-swift-test.debug.xcconfig */,
				960A1668D738E956BC97EA09 /* Pods-kotlin-library-test-kotlin-library-swift-test.release.xcconfig */,
			);
			path = Pods;
			sourceTree = "<group>";
		};
		86368CFE149D67BA0CCEECFE /* Frameworks */ = {
			isa = PBXGroup;
			children = (
				8ECE815000D1ECD1F519AE61 /* Pods_kotlin_library_test.framework */,
				3B9C6E21B60184DC680B37C5 /* Pods_kotlin_library_test_kotlin_library_swift_test.framework */,
			);
			name = Frameworks;
			sourceTree = "<group>";
		};
		AC95B4492799C6F400C08B75 = {
			isa = PBXGroup;
			children = (
				AC95B45F2799C6F400C08B75 /* kotlin-library-swift-test */,
				AC95B4542799C6F400C08B75 /* Products */,
				69B44D5C4C9345C6E5CBCCFE /* Pods */,
				86368CFE149D67BA0CCEECFE /* Frameworks */,
			);
			sourceTree = "<group>";
		};
		AC95B4542799C6F400C08B75 /* Products */ = {
			isa = PBXGroup;
			children = (
				AC95B4532799C6F400C08B75 /* kotlin_library_test.framework */,
				AC95B45B2799C6F400C08B75 /* kotlin-library-swift-test.xctest */,
			);
			name = Products;
			sourceTree = "<group>";
		};
		AC95B45F2799C6F400C08B75 /* kotlin-library-swift-test */ = {
			isa = PBXGroup;
			children = (
				AC95B4602799C6F400C08B75 /* KotlinLibraryTest.swift */,
			);
			path = "kotlin-library-swift-test";
			sourceTree = "<group>";
		};
/* End PBXGroup section */

/* Begin PBXHeadersBuildPhase section */
		AC95B44E2799C6F400C08B75 /* Headers */ = {
			isa = PBXHeadersBuildPhase;
			buildActionMask = 2147483647;
			files = (
			);
			runOnlyForDeploymentPostprocessing = 0;
		};
/* End PBXHeadersBuildPhase section */

/* Begin PBXNativeTarget section */
		AC95B4522799C6F400C08B75 /* kotlin-library-test */ = {
			isa = PBXNativeTarget;
			buildConfigurationList = AC95B4652799C6F400C08B75 /* Build configuration list for PBXNativeTarget "kotlin-library-test" */;
			buildPhases = (
				89DDFBE9201D056620D0873E /* [CP] Check Pods Manifest.lock */,
				AC95B44E2799C6F400C08B75 /* Headers */,
				AC95B44F2799C6F400C08B75 /* Sources */,
				AC95B4502799C6F400C08B75 /* Frameworks */,
				AC95B4512799C6F400C08B75 /* Resources */,
			);
			buildRules = (
			);
			dependencies = (
			);
			name = "kotlin-library-test";
			productName = "kotlin-library-test";
			productReference = AC95B4532799C6F400C08B75 /* kotlin_library_test.framework */;
			productType = "com.apple.product-type.framework";
		};
		AC95B45A2799C6F400C08B75 /* kotlin-library-swift-test */ = {
			isa = PBXNativeTarget;
			buildConfigurationList = AC95B4682799C6F400C08B75 /* Build configuration list for PBXNativeTarget "kotlin-library-swift-test" */;
			buildPhases = (
				5EB249FC88CF6B6B1E8C5C8B /* [CP] Check Pods Manifest.lock */,
				AC95B4572799C6F400C08B75 /* Sources */,
				AC95B4582799C6F400C08B75 /* Frameworks */,
				AC95B4592799C6F400C08B75 /* Resources */,
				E3BA61A75053ED91989782CF /* [CP] Embed Pods Frameworks */,
			);
			buildRules = (
			);
			dependencies = (
				AC95B45E2799C6F400C08B75 /* PBXTargetDependency */,
			);
			name = "kotlin-library-swift-test";
			productName = "kotlin-library-testTests";
			productReference = AC95B45B2799C6F400C08B75 /* kotlin-library-swift-test.xctest */;
			productType = "com.apple.product-type.bundle.unit-test";
		};
/* End PBXNativeTarget section */

/* Begin PBXProject section */
		AC95B44A2799C6F400C08B75 /* Project object */ = {
			isa = PBXProject;
			attributes = {
				BuildIndependentTargetsInParallel = 1;
				LastSwiftUpdateCheck = 1320;
				LastUpgradeCheck = 1320;
				TargetAttributes = {
					AC95B4522799C6F400C08B75 = {
						CreatedOnToolsVersion = 13.2.1;
					};
					AC95B45A2799C6F400C08B75 = {
						CreatedOnToolsVersion = 13.2.1;
					};
				};
			};
			buildConfigurationList = AC95B44D2799C6F400C08B75 /* Build configuration list for PBXProject "kotlin-library-test" */;
			compatibilityVersion = "Xcode 13.0";
			developmentRegion = en;
			hasScannedForEncodings = 0;
			knownRegions = (
				en,
				Base,
			);
			mainGroup = AC95B4492799C6F400C08B75;
			productRefGroup = AC95B4542799C6F400C08B75 /* Products */;
			projectDirPath = "";
			projectRoot = "";
			targets = (
				AC95B4522799C6F400C08B75 /* kotlin-library-test */,
				AC95B45A2799C6F400C08B75 /* kotlin-library-swift-test */,
			);
		};
/* End PBXProject section */

/* Begin PBXResourcesBuildPhase section */
		AC95B4512799C6F400C08B75 /* Resources */ = {
			isa = PBXResourcesBuildPhase;
			buildActionMask = 2147483647;
			files = (
			);
			runOnlyForDeploymentPostprocessing = 0;
		};
		AC95B4592799C6F400C08B75 /* Resources */ = {
			isa = PBXResourcesBuildPhase;
			buildActionMask = 2147483647;
			files = (
			);
			runOnlyForDeploymentPostprocessing = 0;
		};
/* End PBXResourcesBuildPhase section */

/* Begin PBXShellScriptBuildPhase section */
		5EB249FC88CF6B6B1E8C5C8B /* [CP] Check Pods Manifest.lock */ = {
			isa = PBXShellScriptBuildPhase;
			buildActionMask = 2147483647;
			files = (
			);
			inputFileListPaths = (
			);
			inputPaths = (
				"${PODS_PODFILE_DIR_PATH}/Podfile.lock",
				"${PODS_ROOT}/Manifest.lock",
			);
			name = "[CP] Check Pods Manifest.lock";
			outputFileListPaths = (
			);
			outputPaths = (
				"$(DERIVED_FILE_DIR)/Pods-kotlin-library-test-kotlin-library-swift-test-checkManifestLockResult.txt",
			);
			runOnlyForDeploymentPostprocessing = 0;
			shellPath = /bin/sh;
			shellScript = "diff \"${PODS_PODFILE_DIR_PATH}/Podfile.lock\" \"${PODS_ROOT}/Manifest.lock\" > /dev/null\nif [ $? != 0 ] ; then\n    # print error to STDERR\n    echo \"error: The sandbox is not in sync with the Podfile.lock. Run 'pod install' or update your CocoaPods installation.\" >&2\n    exit 1\nfi\n# This output is used by Xcode 'outputs' to avoid re-running this script phase.\necho \"SUCCESS\" > \"${SCRIPT_OUTPUT_FILE_0}\"\n";
			showEnvVarsInLog = 0;
		};
		89DDFBE9201D056620D0873E /* [CP] Check Pods Manifest.lock */ = {
			isa = PBXShellScriptBuildPhase;
			buildActionMask = 2147483647;
			files = (
			);
			inputFileListPaths = (
			);
			inputPaths = (
				"${PODS_PODFILE_DIR_PATH}/Podfile.lock",
				"${PODS_ROOT}/Manifest.lock",
			);
			name = "[CP] Check Pods Manifest.lock";
			outputFileListPaths = (
			);
			outputPaths = (
				"$(DERIVED_FILE_DIR)/Pods-kotlin-library-test-checkManifestLockResult.txt",
			);
			runOnlyForDeploymentPostprocessing = 0;
			shellPath = /bin/sh;
			shellScript = "diff \"${PODS_PODFILE_DIR_PATH}/Podfile.lock\" \"${PODS_ROOT}/Manifest.lock\" > /dev/null\nif [ $? != 0 ] ; then\n    # print error to STDERR\n    echo \"error: The sandbox is not in sync with the Podfile.lock. Run 'pod install' or update your CocoaPods installation.\" >&2\n    exit 1\nfi\n# This output is used by Xcode 'outputs' to avoid re-running this script phase.\necho \"SUCCESS\" > \"${SCRIPT_OUTPUT_FILE_0}\"\n";
			showEnvVarsInLog = 0;
		};
		E3BA61A75053ED91989782CF /* [CP] Embed Pods Frameworks */ = {
			isa = PBXShellScriptBuildPhase;
			buildActionMask = 2147483647;
			files = (
			);
			inputFileListPaths = (
				"${PODS_ROOT}/Target Support Files/Pods-kotlin-library-test-kotlin-library-swift-test/Pods-kotlin-library-test-kotlin-library-swift-test-frameworks-${CONFIGURATION}-input-files.xcfilelist",
			);
			name = "[CP] Embed Pods Frameworks";
			outputFileListPaths = (
				"${PODS_ROOT}/Target Support Files/Pods-kotlin-library-test-kotlin-library-swift-test/Pods-kotlin-library-test-kotlin-library-swift-test-frameworks-${CONFIGURATION}-output-files.xcfilelist",
			);
			runOnlyForDeploymentPostprocessing = 0;
			shellPath = /bin/sh;
			shellScript = "\"${PODS_ROOT}/Target Support Files/Pods-kotlin-library-test-kotlin-library-swift-test/Pods-kotlin-library-test-kotlin-library-swift-test-frameworks.sh\"\n";
			showEnvVarsInLog = 0;
		};
/* End PBXShellScriptBuildPhase section */

/* Begin PBXSourcesBuildPhase section */
		AC95B44F2799C6F400C08B75 /* Sources */ = {
			isa = PBXSourcesBuildPhase;
			buildActionMask = 2147483647;
			files = (
			);
			runOnlyForDeploymentPostprocessing = 0;
		};
		AC95B4572799C6F400C08B75 /* Sources */ = {
			isa = PBXSourcesBuildPhase;
			buildActionMask = 2147483647;
			files = (
				AC95B4612799C6F400C08B75 /* KotlinLibraryTest.swift in Sources */,
			);
			runOnlyForDeploymentPostprocessing = 0;
		};
/* End PBXSourcesBuildPhase section */

/* Begin PBXTargetDependency section */
		AC95B45E2799C6F400C08B75 /* PBXTargetDependency */ = {
			isa = PBXTargetDependency;
			target = AC95B4522799C6F400C08B75 /* kotlin-library-test */;
			targetProxy = AC95B45D2799C6F400C08B75 /* PBXContainerItemProxy */;
		};
/* End PBXTargetDependency section */

/* Begin XCBuildConfiguration section */
		AC95B4632799C6F400C08B75 /* Debug */ = {
			isa = XCBuildConfiguration;
			buildSettings = {
				ALWAYS_SEARCH_USER_PATHS = NO;
				CLANG_ANALYZER_NONNULL = YES;
				CLANG_ANALYZER_NUMBER_OBJECT_CONVERSION = YES_AGGRESSIVE;
				CLANG_CXX_LANGUAGE_STANDARD = "gnu++17";
				CLANG_CXX_LIBRARY = "libc++";
				CLANG_ENABLE_MODULES = YES;
				CLANG_ENABLE_OBJC_ARC = YES;
				CLANG_ENABLE_OBJC_WEAK = YES;
				CLANG_WARN_BLOCK_CAPTURE_AUTORELEASING = YES;
				CLANG_WARN_BOOL_CONVERSION = YES;
				CLANG_WARN_COMMA = YES;
				CLANG_WARN_CONSTANT_CONVERSION = YES;
				CLANG_WARN_DEPRECATED_OBJC_IMPLEMENTATIONS = YES;
				CLANG_WARN_DIRECT_OBJC_ISA_USAGE = YES_ERROR;
				CLANG_WARN_DOCUMENTATION_COMMENTS = YES;
				CLANG_WARN_EMPTY_BODY = YES;
				CLANG_WARN_ENUM_CONVERSION = YES;
				CLANG_WARN_INFINITE_RECURSION = YES;
				CLANG_WARN_INT_CONVERSION = YES;
				CLANG_WARN_NON_LITERAL_NULL_CONVERSION = YES;
				CLANG_WARN_OBJC_IMPLICIT_RETAIN_SELF = YES;
				CLANG_WARN_OBJC_LITERAL_CONVERSION = YES;
				CLANG_WARN_OBJC_ROOT_CLASS = YES_ERROR;
				CLANG_WARN_QUOTED_INCLUDE_IN_FRAMEWORK_HEADER = YES;
				CLANG_WARN_RANGE_LOOP_ANALYSIS = YES;
				CLANG_WARN_STRICT_PROTOTYPES = YES;
				CLANG_WARN_SUSPICIOUS_MOVE = YES;
				CLANG_WARN_UNGUARDED_AVAILABILITY = YES_AGGRESSIVE;
				CLANG_WARN_UNREACHABLE_CODE = YES;
				CLANG_WARN__DUPLICATE_METHOD_MATCH = YES;
				COPY_PHASE_STRIP = NO;
				CURRENT_PROJECT_VERSION = 1;
				DEBUG_INFORMATION_FORMAT = dwarf;
				ENABLE_STRICT_OBJC_MSGSEND = YES;
				ENABLE_TESTABILITY = YES;
				GCC_C_LANGUAGE_STANDARD = gnu11;
				GCC_DYNAMIC_NO_PIC = NO;
				GCC_NO_COMMON_BLOCKS = YES;
				GCC_OPTIMIZATION_LEVEL = 0;
				GCC_PREPROCESSOR_DEFINITIONS = (
					"DEBUG=1",
					"$(inherited)",
				);
				GCC_WARN_64_TO_32_BIT_CONVERSION = YES;
				GCC_WARN_ABOUT_RETURN_TYPE = YES_ERROR;
				GCC_WARN_UNDECLARED_SELECTOR = YES;
				GCC_WARN_UNINITIALIZED_AUTOS = YES_AGGRESSIVE;
				GCC_WARN_UNUSED_FUNCTION = YES;
				GCC_WARN_UNUSED_VARIABLE = YES;
				IPHONEOS_DEPLOYMENT_TARGET = 15.2;
				MTL_ENABLE_DEBUG_INFO = INCLUDE_SOURCE;
				MTL_FAST_MATH = YES;
				ONLY_ACTIVE_ARCH = YES;
				SDKROOT = iphoneos;
				SWIFT_ACTIVE_COMPILATION_CONDITIONS = DEBUG;
				SWIFT_OPTIMIZATION_LEVEL = "-Onone";
				VERSIONING_SYSTEM = "apple-generic";
				VERSION_INFO_PREFIX = "";
			};
			name = Debug;
		};
		AC95B4642799C6F400C08B75 /* Release */ = {
			isa = XCBuildConfiguration;
			buildSettings = {
				ALWAYS_SEARCH_USER_PATHS = NO;
				CLANG_ANALYZER_NONNULL = YES;
				CLANG_ANALYZER_NUMBER_OBJECT_CONVERSION = YES_AGGRESSIVE;
				CLANG_CXX_LANGUAGE_STANDARD = "gnu++17";
				CLANG_CXX_LIBRARY = "libc++";
				CLANG_ENABLE_MODULES = YES;
				CLANG_ENABLE_OBJC_ARC = YES;
				CLANG_ENABLE_OBJC_WEAK = YES;
				CLANG_WARN_BLOCK_CAPTURE_AUTORELEASING = YES;
				CLANG_WARN_BOOL_CONVERSION = YES;
				CLANG_WARN_COMMA = YES;
				CLANG_WARN_CONSTANT_CONVERSION = YES;
				CLANG_WARN_DEPRECATED_OBJC_IMPLEMENTATIONS = YES;
				CLANG_WARN_DIRECT_OBJC_ISA_USAGE = YES_ERROR;
				CLANG_WARN_DOCUMENTATION_COMMENTS = YES;
				CLANG_WARN_EMPTY_BODY = YES;
				CLANG_WARN_ENUM_CONVERSION = YES;
				CLANG_WARN_INFINITE_RECURSION = YES;
				CLANG_WARN_INT_CONVERSION = YES;
				CLANG_WARN_NON_LITERAL_NULL_CONVERSION = YES;
				CLANG_WARN_OBJC_IMPLICIT_RETAIN_SELF = YES;
				CLANG_WARN_OBJC_LITERAL_CONVERSION = YES;
				CLANG_WARN_OBJC_ROOT_CLASS = YES_ERROR;
				CLANG_WARN_QUOTED_INCLUDE_IN_FRAMEWORK_HEADER = YES;
				CLANG_WARN_RANGE_LOOP_ANALYSIS = YES;
				CLANG_WARN_STRICT_PROTOTYPES = YES;
				CLANG_WARN_SUSPICIOUS_MOVE = YES;
				CLANG_WARN_UNGUARDED_AVAILABILITY = YES_AGGRESSIVE;
				CLANG_WARN_UNREACHABLE_CODE = YES;
				CLANG_WARN__DUPLICATE_METHOD_MATCH = YES;
				COPY_PHASE_STRIP = NO;
				CURRENT_PROJECT_VERSION = 1;
				DEBUG_INFORMATION_FORMAT = "dwarf-with-dsym";
				ENABLE_NS_ASSERTIONS = NO;
				ENABLE_STRICT_OBJC_MSGSEND = YES;
				GCC_C_LANGUAGE_STANDARD = gnu11;
				GCC_NO_COMMON_BLOCKS = YES;
				GCC_WARN_64_TO_32_BIT_CONVERSION = YES;
				GCC_WARN_ABOUT_RETURN_TYPE = YES_ERROR;
				GCC_WARN_UNDECLARED_SELECTOR = YES;
				GCC_WARN_UNINITIALIZED_AUTOS = YES_AGGRESSIVE;
				GCC_WARN_UNUSED_FUNCTION = YES;
				GCC_WARN_UNUSED_VARIABLE = YES;
				IPHONEOS_DEPLOYMENT_TARGET = 15.2;
				MTL_ENABLE_DEBUG_INFO = NO;
				MTL_FAST_MATH = YES;
				SDKROOT = iphoneos;
				SWIFT_COMPILATION_MODE = wholemodule;
				SWIFT_OPTIMIZATION_LEVEL = "-O";
				VALIDATE_PRODUCT = YES;
				VERSIONING_SYSTEM = "apple-generic";
				VERSION_INFO_PREFIX = "";
			};
			name = Release;
		};
		AC95B4662799C6F400C08B75 /* Debug */ = {
			isa = XCBuildConfiguration;
			baseConfigurationReference = 9539628E801100F5563B35C1 /* Pods-kotlin-library-test.debug.xcconfig */;
			buildSettings = {
				CODE_SIGN_STYLE = Automatic;
				CURRENT_PROJECT_VERSION = 1;
				DEFINES_MODULE = YES;
				DEVELOPMENT_TEAM = 5GDARNNGD7;
				DYLIB_COMPATIBILITY_VERSION = 1;
				DYLIB_CURRENT_VERSION = 1;
				DYLIB_INSTALL_NAME_BASE = "@rpath";
				GENERATE_INFOPLIST_FILE = YES;
				INFOPLIST_KEY_NSHumanReadableCopyright = "";
				INSTALL_PATH = "$(LOCAL_LIBRARY_DIR)/Frameworks";
				LD_RUNPATH_SEARCH_PATHS = (
					"$(inherited)",
					"@executable_path/Frameworks",
					"@loader_path/Frameworks",
				);
				MARKETING_VERSION = 1.0;
				PRODUCT_BUNDLE_IDENTIFIER = "by.citech.kotlin-library-test";
				PRODUCT_NAME = "$(TARGET_NAME:c99extidentifier)";
				SKIP_INSTALL = YES;
				SWIFT_EMIT_LOC_STRINGS = YES;
				SWIFT_VERSION = 5.0;
				TARGETED_DEVICE_FAMILY = "1,2";
			};
			name = Debug;
		};
		AC95B4672799C6F400C08B75 /* Release */ = {
			isa = XCBuildConfiguration;
			baseConfigurationReference = CACC5F4A0EAA511D8C182DF4 /* Pods-kotlin-library-test.release.xcconfig */;
			buildSettings = {
				CODE_SIGN_STYLE = Automatic;
				CURRENT_PROJECT_VERSION = 1;
				DEFINES_MODULE = YES;
				DEVELOPMENT_TEAM = 5GDARNNGD7;
				DYLIB_COMPATIBILITY_VERSION = 1;
				DYLIB_CURRENT_VERSION = 1;
				DYLIB_INSTALL_NAME_BASE = "@rpath";
				GENERATE_INFOPLIST_FILE = YES;
				INFOPLIST_KEY_NSHumanReadableCopyright = "";
				INSTALL_PATH = "$(LOCAL_LIBRARY_DIR)/Frameworks";
				LD_RUNPATH_SEARCH_PATHS = (
					"$(inherited)",
					"@executable_path/Frameworks",
					"@loader_path/Frameworks",
				);
				MARKETING_VERSION = 1.0;
				PRODUCT_BUNDLE_IDENTIFIER = "by.citech.kotlin-library-test";
				PRODUCT_NAME = "$(TARGET_NAME:c99extidentifier)";
				SKIP_INSTALL = YES;
				SWIFT_EMIT_LOC_STRINGS = YES;
				SWIFT_VERSION = 5.0;
				TARGETED_DEVICE_FAMILY = "1,2";
			};
			name = Release;
		};
		AC95B4692799C6F400C08B75 /* Debug */ = {
			isa = XCBuildConfiguration;
			baseConfigurationReference = 0F83AF907DA773CBE4F71119 /* Pods-kotlin-library-test-kotlin-library-swift-test.debug.xcconfig */;
			buildSettings = {
				CODE_SIGN_STYLE = Automatic;
				CURRENT_PROJECT_VERSION = 1;
				DEVELOPMENT_TEAM = 5GDARNNGD7;
				GENERATE_INFOPLIST_FILE = YES;
				MARKETING_VERSION = 1.0;
				PRODUCT_BUNDLE_IDENTIFIER = "by.citech.kotlin-library-testTests";
				PRODUCT_NAME = "$(TARGET_NAME)";
				SWIFT_EMIT_LOC_STRINGS = NO;
				SWIFT_VERSION = 5.0;
				TARGETED_DEVICE_FAMILY = "1,2";
			};
			name = Debug;
		};
		AC95B46A2799C6F400C08B75 /* Release */ = {
			isa = XCBuildConfiguration;
			baseConfigurationReference = 960A1668D738E956BC97EA09 /* Pods-kotlin-library-test-kotlin-library-swift-test.release.xcconfig */;
			buildSettings = {
				CODE_SIGN_STYLE = Automatic;
				CURRENT_PROJECT_VERSION = 1;
				DEVELOPMENT_TEAM = 5GDARNNGD7;
				GENERATE_INFOPLIST_FILE = YES;
				MARKETING_VERSION = 1.0;
				PRODUCT_BUNDLE_IDENTIFIER = "by.citech.kotlin-library-testTests";
				PRODUCT_NAME = "$(TARGET_NAME)";
				SWIFT_EMIT_LOC_STRINGS = NO;
				SWIFT_VERSION = 5.0;
				TARGETED_DEVICE_FAMILY = "1,2";
			};
			name = Release;
		};
/* End XCBuildConfiguration section */

/* Begin XCConfigurationList section */
		AC95B44D2799C6F400C08B75 /* Build configuration list for PBXProject "kotlin-library-test" */ = {
			isa = XCConfigurationList;
			buildConfigurations = (
				AC95B4632799C6F400C08B75 /* Debug */,
				AC95B4642799C6F400C08B75 /* Release */,
			);
			defaultConfigurationIsVisible = 0;
			defaultConfigurationName = Release;
		};
		AC95B4652799C6F400C08B75 /* Build configuration list for PBXNativeTarget "kotlin-library-test" */ = {
			isa = XCConfigurationList;
			buildConfigurations = (
				AC95B4662799C6F400C08B75 /* Debug */,
				AC95B4672799C6F400C08B75 /* Release */,
			);
			defaultConfigurationIsVisible = 0;
			defaultConfigurationName = Release;
		};
		AC95B4682799C6F400C08B75 /* Build configuration list for PBXNativeTarget "kotlin-library-swift-test" */ = {
			isa = XCConfigurationList;
			buildConfigurations = (
				AC95B4692799C6F400C08B75 /* Debug */,
				AC95B46A2799C6F400C08B75 /* Release */,
			);
			defaultConfigurationIsVisible = 0;
			defaultConfigurationName = Release;
		};
/* End XCConfigurationList section */
	};
	rootObject = AC95B44A2799C6F400C08B75 /* Project object */;
}
